
Microsoft Visual Studio Solution File, Format Version 12.00
# Visual Studio Version 16
VisualStudioVersion = 16.0.31205.134
MinimumVisualStudioVersion = 10.0.40219.1
Project("{FAE04EC0-301F-11D3-BF4B-00C04F79EFBC}") = "SnippedGenerator", "SnippedGenerator\SnippedGenerator.csproj", "{7BEE750F-8C67-4688-A2A0-7E1D45BAA42D}"
EndProject
Global
	GlobalSection(SolutionConfigurationPlatforms) = preSolution
		Debug|Any CPU = Debug|Any CPU
		Release|Any CPU = Release|Any CPU
	EndGlobalSection
	GlobalSection(ProjectConfigurationPlatforms) = postSolution
		{7BEE750F-8C67-4688-A2A0-7E1D45BAA42D}.Debug|Any CPU.ActiveCfg = Debug|Any CPU
		{7BEE750F-8C67-4688-A2A0-7E1D45BAA42D}.Debug|Any CPU.Build.0 = Debug|Any CPU
		{7BEE750F-8C67-4688-A2A0-7E1D45BAA42D}.Release|Any CPU.ActiveCfg = Release|Any CPU
		{7BEE750F-8C67-4688-A2A0-7E1D45BAA42D}.Release|Any CPU.Build.0 = Release|Any CPU
	EndGlobalSection
	GlobalSection(SolutionProperties) = preSolution
		HideSolutionNode = FALSE
	EndGlobalSection
	GlobalSection(ExtensibilityGlobals) = postSolution
		SolutionGuid = {A1A6177E-DE6F-4AB3-9661-C6735E8B90C5}
	EndGlobalSection
EndGlobal
